<?xml version="1.0" encoding="utf-8"?>
<Project ToolsVersion="4.0" xmlns="http://schemas.microsoft.com/developer/msbuild/2003">
  <ItemGroup>
    <Filter Include="FrameWork">
      <UniqueIdentifier>{da3dc520-7504-43dd-8b49-24db648fea58}</UniqueIdentifier>
    </Filter>
    <Filter Include="Object">
      <UniqueIdentifier>{846480a4-3582-4cc4-a950-4e8c31b55e7c}</UniqueIdentifier>
    </Filter>
    <Filter Include="Factory">
      <UniqueIdentifier>{061208c6-8ce9-49d3-8419-23505aa52a45}</UniqueIdentifier>
    </Filter>
    <Filter Include="Object\Interface">
      <UniqueIdentifier>{9ae25589-5c9a-4260-9a9a-ece7f13befcf}</UniqueIdentifier>
    </Filter>
    <Filter Include="FrameWork\Input">
      <UniqueIdentifier>{932da17e-4b9a-4765-b255-7151de73fe9c}</UniqueIdentifier>
    </Filter>
    <Filter Include="FrameWork\Sprite">
      <UniqueIdentifier>{de16f365-c20d-4fb0-b3c5-d8c4e9183e78}</UniqueIdentifier>
    </Filter>
    <Filter Include="Game">
      <UniqueIdentifier>{af38f969-61ab-416a-a4f8-41935df8553f}</UniqueIdentifier>
    </Filter>
    <Filter Include="Factory\FileUtils">
      <UniqueIdentifier>{945b27cb-1eca-4266-8c6c-c66d07928d91}</UniqueIdentifier>
    </Filter>
    <Filter Include="FrameWork\Texture">
      <UniqueIdentifier>{292976a8-0632-4616-899b-e01b332159b0}</UniqueIdentifier>
    </Filter>
    <Filter Include="FrameWork\Utils">
      <UniqueIdentifier>{5674d4ed-9f2c-4f0d-907e-b274122d867f}</UniqueIdentifier>
    </Filter>
  </ItemGroup>
  <ItemGroup>
    <ClCompile Include="Game.cpp">
      <Filter>Game</Filter>
    </ClCompile>
    <ClCompile Include="Animation.cpp">
      <Filter>Object\Interface</Filter>
    </ClCompile>
    <ClCompile Include="Input.cpp">
      <Filter>FrameWork\Input</Filter>
    </ClCompile>
    <ClCompile Include="GameScene.cpp">
      <Filter>Game</Filter>
    </ClCompile>
    <ClCompile Include="main.cpp">
      <Filter>Game</Filter>
    </ClCompile>
    <ClCompile Include="ObjectGame.cpp">
      <Filter>Object</Filter>
    </ClCompile>
    <ClCompile Include="FileUtils.cpp">
      <Filter>Factory\FileUtils</Filter>
    </ClCompile>
    <ClCompile Include="ObjectFactory.cpp">
      <Filter>Factory</Filter>
    </ClCompile>
    <ClCompile Include="Sprite.cpp">
      <Filter>FrameWork\Sprite</Filter>
    </ClCompile>
    <ClCompile Include="SpriteManager.cpp">
      <Filter>FrameWork\Sprite</Filter>
    </ClCompile>
    <ClCompile Include="Texture.cpp">
      <Filter>FrameWork\Texture</Filter>
    </ClCompile>
    <ClCompile Include="TextureManager.cpp">
      <Filter>FrameWork\Texture</Filter>
    </ClCompile>
    <ClCompile Include="Point.cpp">
      <Filter>FrameWork\Utils</Filter>
    </ClCompile>
    <ClCompile Include="Zombie.cpp">
      <Filter>Object</Filter>
    </ClCompile>
    <ClCompile Include="Bullet.cpp">
      <Filter>Object</Filter>
    </ClCompile>
    <ClCompile Include="Ball.cpp">
      <Filter>Object</Filter>
    </ClCompile>
    <ClCompile Include="BallFactory.cpp">
      <Filter>Factory</Filter>
    </ClCompile>
    <ClCompile Include="BulletFactory.cpp">
      <Filter>Factory</Filter>
    </ClCompile>
    <ClCompile Include="ZombieFactory.cpp">
      <Filter>Factory</Filter>
    </ClCompile>
  </ItemGroup>
  <ItemGroup>
    <ClInclude Include="Game.h">
      <Filter>Game</Filter>
    </ClInclude>
    <ClInclude Include="Animation.h">
      <Filter>Object\Interface</Filter>
    </ClInclude>
    <ClInclude Include="Input.h">
      <Filter>FrameWork\Input</Filter>
    </ClInclude>
    <ClInclude Include="GameScene.h">
      <Filter>Game</Filter>
    </ClInclude>
    <ClInclude Include="ObjectGame.h">
      <Filter>Object</Filter>
    </ClInclude>
    <ClInclude Include="FileUtils.h">
      <Filter>Factory\FileUtils</Filter>
    </ClInclude>
    <ClInclude Include="Sprite.h">
      <Filter>FrameWork\Sprite</Filter>
    </ClInclude>
    <ClInclude Include="SpriteManager.h">
      <Filter>FrameWork\Sprite</Filter>
    </ClInclude>
    <ClInclude Include="Texture.h">
      <Filter>FrameWork\Texture</Filter>
    </ClInclude>
    <ClInclude Include="TextureManager.h">
      <Filter>FrameWork\Texture</Filter>
    </ClInclude>
    <ClInclude Include="Point.h">
      <Filter>FrameWork\Utils</Filter>
    </ClInclude>
    <ClInclude Include="config.h">
      <Filter>Game</Filter>
    </ClInclude>
    <ClInclude Include="ObjectFactory.h">
      <Filter>Factory</Filter>
    </ClInclude>
    <ClInclude Include="Zombie.h">
      <Filter>Object</Filter>
    </ClInclude>
    <ClInclude Include="Bullet.h">
      <Filter>Object</Filter>
    </ClInclude>
    <ClInclude Include="Ball.h">
      <Filter>Factory</Filter>
    </ClInclude>
    <ClInclude Include="BallFactory.h">
      <Filter>Factory</Filter>
    </ClInclude>
    <ClInclude Include="BulletFactory.h">
      <Filter>Factory</Filter>
    </ClInclude>
    <ClInclude Include="ZombieFactory.h">
      <Filter>Factory</Filter>
    </ClInclude>
  </ItemGroup>
</Project>