<?xml version="1.0" encoding="utf-8"?>
<Project ToolsVersion="4.0" xmlns="http://schemas.microsoft.com/developer/msbuild/2003">
  <ItemGroup>
    <Filter Include="FrameWork">
      <UniqueIdentifier>{da3dc520-7504-43dd-8b49-24db648fea58}</UniqueIdentifier>
    </Filter>
    <Filter Include="Object">
      <UniqueIdentifier>{846480a4-3582-4cc4-a950-4e8c31b55e7c}</UniqueIdentifier>
    </Filter>
    <Filter Include="Factory">
      <UniqueIdentifier>{061208c6-8ce9-49d3-8419-23505aa52a45}</UniqueIdentifier>
    </Filter>
    <Filter Include="Object\Interface">
      <UniqueIdentifier>{9ae25589-5c9a-4260-9a9a-ece7f13befcf}</UniqueIdentifier>
    </Filter>
    <Filter Include="FrameWork\Input">
      <UniqueIdentifier>{932da17e-4b9a-4765-b255-7151de73fe9c}</UniqueIdentifier>
    </Filter>
    <Filter Include="FrameWork\Sprite">
      <UniqueIdentifier>{de16f365-c20d-4fb0-b3c5-d8c4e9183e78}</UniqueIdentifier>
    </Filter>
    <Filter Include="Factory\FileUtils">
      <UniqueIdentifier>{945b27cb-1eca-4266-8c6c-c66d07928d91}</UniqueIdentifier>
    </Filter>
    <Filter Include="FrameWork\Texture">
      <UniqueIdentifier>{292976a8-0632-4616-899b-e01b332159b0}</UniqueIdentifier>
    </Filter>
    <Filter Include="FrameWork\Utils">
      <UniqueIdentifier>{5674d4ed-9f2c-4f0d-907e-b274122d867f}</UniqueIdentifier>
    </Filter>
    <Filter Include="FrameWork\Camera">
      <UniqueIdentifier>{e8855d82-082c-44e7-bf04-3bbc98aff512}</UniqueIdentifier>
    </Filter>
    <Filter Include="Map">
      <UniqueIdentifier>{02e3cc77-9025-48ea-8350-c8fd0c1e1151}</UniqueIdentifier>
    </Filter>
    <Filter Include="Map\Background">
      <UniqueIdentifier>{5f7c7f88-b23a-4679-a5f0-80834579fafe}</UniqueIdentifier>
    </Filter>
    <Filter Include="FrameWork\Font">
      <UniqueIdentifier>{67715536-72c6-4230-b26a-959ba384202b}</UniqueIdentifier>
    </Filter>
    <Filter Include="Map\Map">
      <UniqueIdentifier>{0adc0ec7-8884-4bd1-80cf-a9f306a7e05d}</UniqueIdentifier>
    </Filter>
    <Filter Include="Object\StaticObject">
      <UniqueIdentifier>{c3398f03-f833-4170-8c27-db5f9da5e3e6}</UniqueIdentifier>
    </Filter>
    <Filter Include="Object\DynamicObject">
      <UniqueIdentifier>{54be3556-cdd3-4860-9380-a27b17569caf}</UniqueIdentifier>
    </Filter>
    <Filter Include="Object\StaticObject\HideObject">
      <UniqueIdentifier>{fa814ea7-424d-45ec-9e87-dbbfe825117a}</UniqueIdentifier>
    </Filter>
    <Filter Include="Object\DynamicObject\Rambo">
      <UniqueIdentifier>{1d56c94f-bec0-4819-9471-86d4b4251f99}</UniqueIdentifier>
    </Filter>
    <Filter Include="Object\GameNode">
      <UniqueIdentifier>{5fa37558-f3bc-447e-82e1-79b35542206a}</UniqueIdentifier>
    </Filter>
    <Filter Include="Factory\HideObject">
      <UniqueIdentifier>{1ec33c8b-6a37-4457-9fcf-b6415aff2e72}</UniqueIdentifier>
    </Filter>
    <Filter Include="Game">
      <UniqueIdentifier>{af38f969-61ab-416a-a4f8-41935df8553f}</UniqueIdentifier>
    </Filter>
  </ItemGroup>
  <ItemGroup>
    <ClCompile Include="Game.cpp">
      <Filter>Game</Filter>
    </ClCompile>
    <ClCompile Include="Animation.cpp">
      <Filter>Object\Interface</Filter>
    </ClCompile>
    <ClCompile Include="Input.cpp">
      <Filter>FrameWork\Input</Filter>
    </ClCompile>
    <ClCompile Include="GameScene.cpp">
      <Filter>Game</Filter>
    </ClCompile>
    <ClCompile Include="main.cpp">
      <Filter>Game</Filter>
    </ClCompile>
    <ClCompile Include="ObjectGame.cpp">
      <Filter>Object</Filter>
    </ClCompile>
    <ClCompile Include="ObjectFactory.cpp">
      <Filter>Factory</Filter>
    </ClCompile>
    <ClCompile Include="Sprite.cpp">
      <Filter>FrameWork\Sprite</Filter>
    </ClCompile>
    <ClCompile Include="SpriteManager.cpp">
      <Filter>FrameWork\Sprite</Filter>
    </ClCompile>
    <ClCompile Include="Texture.cpp">
      <Filter>FrameWork\Texture</Filter>
    </ClCompile>
    <ClCompile Include="TextureManager.cpp">
      <Filter>FrameWork\Texture</Filter>
    </ClCompile>
    <ClCompile Include="Point.cpp">
      <Filter>FrameWork\Utils</Filter>
    </ClCompile>
    <ClCompile Include="Bullet.cpp">
      <Filter>Object</Filter>
    </ClCompile>
    <ClCompile Include="BulletFactory.cpp">
      <Filter>Factory</Filter>
    </ClCompile>
    <ClCompile Include="ZombieFactory.cpp">
      <Filter>Factory</Filter>
    </ClCompile>
    <ClCompile Include="Camera.cpp">
      <Filter>FrameWork\Camera</Filter>
    </ClCompile>
    <ClCompile Include="BackGround.cpp">
      <Filter>Map\Background</Filter>
    </ClCompile>
    <ClCompile Include="Tile.cpp">
      <Filter>Map\Background</Filter>
    </ClCompile>
    <ClCompile Include="Font.cpp">
      <Filter>FrameWork\Font</Filter>
    </ClCompile>
    <ClCompile Include="Map.cpp">
      <Filter>Map\Map</Filter>
    </ClCompile>
    <ClCompile Include="HideObject.cpp">
      <Filter>Object\StaticObject\HideObject</Filter>
    </ClCompile>
    <ClCompile Include="GameNode.cpp">
      <Filter>Object\GameNode</Filter>
    </ClCompile>
    <ClCompile Include="Collision.cpp">
      <Filter>Object\Interface</Filter>
    </ClCompile>
    <ClCompile Include="FileUtils.cpp">
      <Filter>Factory\FileUtils</Filter>
    </ClCompile>
    <ClCompile Include="DynamicObject.cpp">
      <Filter>Object\DynamicObject</Filter>
    </ClCompile>
    <ClCompile Include="HideObjectFactory.cpp">
      <Filter>Factory\HideObject</Filter>
    </ClCompile>
    <ClCompile Include="Zombie.cpp">
      <Filter>Object\DynamicObject\Rambo</Filter>
    </ClCompile>
  </ItemGroup>
  <ItemGroup>
    <ClInclude Include="Game.h">
      <Filter>Game</Filter>
    </ClInclude>
    <ClInclude Include="Animation.h">
      <Filter>Object\Interface</Filter>
    </ClInclude>
    <ClInclude Include="Input.h">
      <Filter>FrameWork\Input</Filter>
    </ClInclude>
    <ClInclude Include="GameScene.h">
      <Filter>Game</Filter>
    </ClInclude>
    <ClInclude Include="ObjectGame.h">
      <Filter>Object</Filter>
    </ClInclude>
    <ClInclude Include="FileUtils.h">
      <Filter>Factory\FileUtils</Filter>
    </ClInclude>
    <ClInclude Include="Sprite.h">
      <Filter>FrameWork\Sprite</Filter>
    </ClInclude>
    <ClInclude Include="SpriteManager.h">
      <Filter>FrameWork\Sprite</Filter>
    </ClInclude>
    <ClInclude Include="Texture.h">
      <Filter>FrameWork\Texture</Filter>
    </ClInclude>
    <ClInclude Include="TextureManager.h">
      <Filter>FrameWork\Texture</Filter>
    </ClInclude>
    <ClInclude Include="Point.h">
      <Filter>FrameWork\Utils</Filter>
    </ClInclude>
    <ClInclude Include="config.h">
      <Filter>Game</Filter>
    </ClInclude>
    <ClInclude Include="ObjectFactory.h">
      <Filter>Factory</Filter>
    </ClInclude>
    <ClInclude Include="Bullet.h">
      <Filter>Object</Filter>
    </ClInclude>
    <ClInclude Include="BulletFactory.h">
      <Filter>Factory</Filter>
    </ClInclude>
    <ClInclude Include="ZombieFactory.h">
      <Filter>Factory</Filter>
    </ClInclude>
    <ClInclude Include="Camera.h">
      <Filter>FrameWork\Camera</Filter>
    </ClInclude>
    <ClInclude Include="BackGround.h">
      <Filter>Map\Background</Filter>
    </ClInclude>
    <ClInclude Include="Tile.h">
      <Filter>Map\Background</Filter>
    </ClInclude>
    <ClInclude Include="Font.h">
      <Filter>FrameWork\Font</Filter>
    </ClInclude>
    <ClInclude Include="Map.h">
      <Filter>Map\Map</Filter>
    </ClInclude>
    <ClInclude Include="HideObject.h">
      <Filter>Object\StaticObject\HideObject</Filter>
    </ClInclude>
    <ClInclude Include="Zombie.h">
      <Filter>Object\DynamicObject\Rambo</Filter>
    </ClInclude>
    <ClInclude Include="GameNode.h">
      <Filter>Object\GameNode</Filter>
    </ClInclude>
    <ClInclude Include="Collision.h">
      <Filter>Object\Interface</Filter>
    </ClInclude>
    <ClInclude Include="DynamicObject.h">
      <Filter>Object\DynamicObject</Filter>
    </ClInclude>
    <ClInclude Include="HideObjectFactory.h">
      <Filter>Factory\HideObject</Filter>
    </ClInclude>
  </ItemGroup>
</Project>